
Microsoft Visual Studio Solution File, Format Version 12.00
# Visual Studio Version 17
VisualStudioVersion = 17.7.34031.279
MinimumVisualStudioVersion = 10.0.40219.1
Project("{9A19103F-16F7-4668-BE54-9A1E7A4F7556}") = "Beltek.HelloMVC", "Beltek.HelloMVC\Beltek.HelloMVC.csproj", "{4F889601-88B8-4D37-BFE0-FB23F51B6948}"
EndProject
Project("{9A19103F-16F7-4668-BE54-9A1E7A4F7556}") = "Beltek.GenericsApp", "..\Beltek.GenericsApp\Beltek.GenericsApp.csproj", "{AF3C2CFA-4FDA-409C-892C-5A6E262B9DD8}"
EndProject
Project("{9A19103F-16F7-4668-BE54-9A1E7A4F7556}") = "Beltek.CollectionsApp", "Beltek.CollectionsApp\Beltek.CollectionsApp.csproj", "{DEF1CDFA-F381-4460-83B7-7738BEBC246B}"
EndProject
Project("{9A19103F-16F7-4668-BE54-9A1E7A4F7556}") = "Beltek.DbApp", "Beltek.DbApp\Beltek.DbApp.csproj", "{A425CCA1-D5F1-4864-B9B4-164712AE3A41}"
EndProject
Project("{9A19103F-16F7-4668-BE54-9A1E7A4F7556}") = "Beltek.EntityApp", "Beltek.EntityApp\Beltek.EntityApp.csproj", "{4926114C-059D-4251-B6D1-AFAE1C9992C9}"
EndProject
Global
	GlobalSection(SolutionConfigurationPlatforms) = preSolution
		Debug|Any CPU = Debug|Any CPU
		Release|Any CPU = Release|Any CPU
	EndGlobalSection
	GlobalSection(ProjectConfigurationPlatforms) = postSolution
		{4F889601-88B8-4D37-BFE0-FB23F51B6948}.Debug|Any CPU.ActiveCfg = Debug|Any CPU
		{4F889601-88B8-4D37-BFE0-FB23F51B6948}.Debug|Any CPU.Build.0 = Debug|Any CPU
		{4F889601-88B8-4D37-BFE0-FB23F51B6948}.Release|Any CPU.ActiveCfg = Release|Any CPU
		{4F889601-88B8-4D37-BFE0-FB23F51B6948}.Release|Any CPU.Build.0 = Release|Any CPU
		{AF3C2CFA-4FDA-409C-892C-5A6E262B9DD8}.Debug|Any CPU.ActiveCfg = Debug|Any CPU
		{AF3C2CFA-4FDA-409C-892C-5A6E262B9DD8}.Debug|Any CPU.Build.0 = Debug|Any CPU
		{AF3C2CFA-4FDA-409C-892C-5A6E262B9DD8}.Release|Any CPU.ActiveCfg = Release|Any CPU
		{AF3C2CFA-4FDA-409C-892C-5A6E262B9DD8}.Release|Any CPU.Build.0 = Release|Any CPU
		{DEF1CDFA-F381-4460-83B7-7738BEBC246B}.Debug|Any CPU.ActiveCfg = Debug|Any CPU
		{DEF1CDFA-F381-4460-83B7-7738BEBC246B}.Debug|Any CPU.Build.0 = Debug|Any CPU
		{DEF1CDFA-F381-4460-83B7-7738BEBC246B}.Release|Any CPU.ActiveCfg = Release|Any CPU
		{DEF1CDFA-F381-4460-83B7-7738BEBC246B}.Release|Any CPU.Build.0 = Release|Any CPU
		{A425CCA1-D5F1-4864-B9B4-164712AE3A41}.Debug|Any CPU.ActiveCfg = Debug|Any CPU
		{A425CCA1-D5F1-4864-B9B4-164712AE3A41}.Debug|Any CPU.Build.0 = Debug|Any CPU
		{A425CCA1-D5F1-4864-B9B4-164712AE3A41}.Release|Any CPU.ActiveCfg = Release|Any CPU
		{A425CCA1-D5F1-4864-B9B4-164712AE3A41}.Release|Any CPU.Build.0 = Release|Any CPU
		{4926114C-059D-4251-B6D1-AFAE1C9992C9}.Debug|Any CPU.ActiveCfg = Debug|Any CPU
		{4926114C-059D-4251-B6D1-AFAE1C9992C9}.Debug|Any CPU.Build.0 = Debug|Any CPU
		{4926114C-059D-4251-B6D1-AFAE1C9992C9}.Release|Any CPU.ActiveCfg = Release|Any CPU
		{4926114C-059D-4251-B6D1-AFAE1C9992C9}.Release|Any CPU.Build.0 = Release|Any CPU
	EndGlobalSection
	GlobalSection(SolutionProperties) = preSolution
		HideSolutionNode = FALSE
	EndGlobalSection
	GlobalSection(ExtensibilityGlobals) = postSolution
		SolutionGuid = {DF9547CC-BF54-46DA-A133-51213BD06595}
	EndGlobalSection
EndGlobal
